<Solution>
  <Folder Name="/Adapters/" />
  <Folder Name="/Adapters/Config/">
    <Project Path="Adapters/Config/Adapters.Config.csproj" />
  </Folder>
  <Folder Name="/Adapters/Database/">
    <Project Path="Adapters/Database/Adapters.Database.csproj" />
  </Folder>
  <Folder Name="/Adapters/Jwt/">
    <Project Path="Adapters/Jwt/Adapters.Jwt.csproj" />
  </Folder>
  <Folder Name="/Adapters/OpenApi/">
    <Project Path="Adapters/OpenApi/Adapters.OpenApi.csproj" />
  </Folder>
  <Project Path="Shared/Shared.csproj" />
</Solution>
